{
  "name": "SleepDiary",
  "version": "1.0.0",
  "lockfileVersion": 1,
  "requires": true,
  "dependencies": {
    "@ngrx/effects": {
      "version": "4.1.1",
      "resolved": "https://registry.npmjs.org/@ngrx/effects/-/effects-4.1.1.tgz",
      "integrity": "sha1-y3WLhSeWSyWOpBlR9ZqhROPvn64="
    },
    "@ngrx/router-store": {
      "version": "4.1.1",
      "resolved": "https://registry.npmjs.org/@ngrx/router-store/-/router-store-4.1.1.tgz",
      "integrity": "sha1-F/rHwPX/3e+LdemnTtLLCQdPO8o="
    },
    "@ngrx/store": {
      "version": "4.1.1",
      "resolved": "https://registry.npmjs.org/@ngrx/store/-/store-4.1.1.tgz",
      "integrity": "sha1-aA403yd16IUnVO13f/rJW9gbfeA="
    }
  }
}
